github.com/google/uuid v1.6.0/go.mod h1:TIyPZe4MgqvfeYDBFedMoGGpEw/LqOeaOT+nhxU+yHo=
github.com/mark3labs/mcp-go v0.37.0/go.mod h1:T7tUa2jO6MavG+3P25Oy/jR7iCeJPHImCZHRymCn39g=
github.com/spf13/cast v1.7.1/go.mod h1:ancEpBxwJDODSW/UG4rDrAqiKolqNNh2DX3mk86cAdo=
github.com/tencentcloud/tencentcloud-sdk-go/tencentcloud/common v1.0.1142/go.mod h1:r5r4xbfxSaeR04b166HGsBa/R4U3SueirEUpXGuw+Q0=
github.com/tencentcloud/tencentcloud-sdk-go/tencentcloud/common v1.0.1147/go.mod h1:r5r4xbfxSaeR04b166HGsBa/R4U3SueirEUpXGuw+Q0=
github.com/tencentcloud/tencentcloud-sdk-go/tencentcloud/ocr v1.0.1142/go.mod h1:8L9RShlH+KYKOB9m9CgSnLQEyRBoopoo1HHmrAluPdA=
github.com/yosida95/uritemplate/v3 v3.0.2/go.mod h1:ILOh0sOhIJR3+L/8afwt/kE++YT040gmv5BQTMR2HP4=
